
Microsoft Visual Studio Solution File, Format Version 12.00
# Visual Studio Version 17
VisualStudioVersion = 17.4.33213.308
MinimumVisualStudioVersion = 10.0.40219.1
Project("{FAE04EC0-301F-11D3-BF4B-00C04F79EFBC}") = "Unitess", "Unitess\Unitess.csproj", "{1E99C402-0829-4472-973B-A2300E0A8DCA}"
EndProject
Global
	GlobalSection(SolutionConfigurationPlatforms) = preSolution
		Debug|Any CPU = Debug|Any CPU
		Release|Any CPU = Release|Any CPU
	EndGlobalSection
	GlobalSection(ProjectConfigurationPlatforms) = postSolution
		{1E99C402-0829-4472-973B-A2300E0A8DCA}.Debug|Any CPU.ActiveCfg = Debug|Any CPU
		{1E99C402-0829-4472-973B-A2300E0A8DCA}.Debug|Any CPU.Build.0 = Debug|Any CPU
		{1E99C402-0829-4472-973B-A2300E0A8DCA}.Release|Any CPU.ActiveCfg = Release|Any CPU
		{1E99C402-0829-4472-973B-A2300E0A8DCA}.Release|Any CPU.Build.0 = Release|Any CPU
	EndGlobalSection
	GlobalSection(SolutionProperties) = preSolution
		HideSolutionNode = FALSE
	EndGlobalSection
	GlobalSection(ExtensibilityGlobals) = postSolution
		SolutionGuid = {A4F3E573-E791-4C45-8380-3F1893C0A1A5}
	EndGlobalSection
EndGlobal
